version = 1
revision = 3
requires-python = "==3.10.*"
resolution-markers = [
    "sys_platform == 'darwin'",
    "platform_machine == 'aarch64' and sys_platform == 'linux'",
    "(platform_machine != 'aarch64' and sys_platform == 'linux') or (sys_platform != 'darwin' and sys_platform != 'linux')",
]

[[package]]
name = "av"
version = "15.0.0"
source = { registry = "https://pypi.org/simple" }
sdist = { url = "https://files.pythonhosted.org/packages/17/89/940a509ee7e9449f0c877fa984b37b7cc485546035cc67bbc353f2ac20f3/av-15.0.0.tar.gz", hash = "sha256:871c1a9becddf00b60b1294dc0bff9ff193ac31286aeec1a34039bd27e650183", size = 3833128, upload-time = "2025-07-03T16:23:48.455Z" }
wheels = [
    { url = "https://files.pythonhosted.org/packages/de/c6/4646aeffca77fb9e557509528341fdef409f7e5de44c70858fb639bb9a3e/av-15.0.0-cp310-cp310-macosx_13_0_arm64.whl", hash = "sha256:f20c7565ad9aed8a5e3ca7ed30b151d4d8a937e072b6a4901c3200134fe7c68b", size = 21808084, upload-time = "2025-07-03T16:21:17.028Z" },
    { url = "https://files.pythonhosted.org/packages/89/a2/8a0349e2ebf998f2305b61365240a748bc137f94f431e769c2ac83c5a321/av-15.0.0-cp310-cp310-macosx_13_0_x86_64.whl", hash = "sha256:0d8b78a88f0fdaf6591bca32b41301e40ba60be294b0698318948c4d1fa6f206", size = 26989279, upload-time = "2025-07-03T16:21:20.63Z" },
    { url = "https://files.pythonhosted.org/packages/de/f7/2e3b9cc831a1891914ca09aaeac88195f36f24a22f8c18e57637604a8ef1/av-15.0.0-cp310-cp310-manylinux2014_i686.manylinux_2_17_i686.whl", hash = "sha256:5d14f6cea6c4966d5478a50555fa92af4948f83e7843b63b747d4a451c53d4f1", size = 33955236, upload-time = "2025-07-03T16:21:23.752Z" },
    { url = "https://files.pythonhosted.org/packages/23/fa/cc4e32d85d6e765f9e9c2680ce9bee6a4d66c8a069f136322be04a66e70d/av-15.0.0-cp310-cp310-manylinux_2_28_aarch64.whl", hash = "sha256:09f516947890dcf27482af2f0f7b31a579dbd11d5566dd74ce5f1f6396c452b7", size = 37681552, upload-time = "2025-07-03T16:21:27.265Z" },
    { url = "https://files.pythonhosted.org/packages/f9/e3/438e1095c064fd21f1325ddae9383b4bcdc8f8493247144ed15bc1b931a2/av-15.0.0-cp310-cp310-manylinux_2_28_x86_64.whl", hash = "sha256:908e2fb4358210a463f81e2dbfac77d5977cc53a400fea3f6decef6f9f9267e4", size = 39179769, upload-time = "2025-07-03T16:21:31.941Z" },
    { url = "https://files.pythonhosted.org/packages/b7/b7/e6c27a8bd75e3eede07c1ce888fc1aa6293ba35393d2f4adc1d2e41d563b/av-15.0.0-cp310-cp310-musllinux_1_2_aarch64.whl", hash = "sha256:911fe092b1c75c35d3e9d836b750ff725599a343b6126449cb2c1b4aa8ac2792", size = 39725200, upload-time = "2025-07-03T16:21:35.73Z" },
    { url = "https://files.pythonhosted.org/packages/d1/42/06e91b07c77465af1b845ac5cf83be1b4cbe042fd940509ae3c5ad70e386/av-15.0.0-cp310-cp310-musllinux_1_2_i686.whl", hash = "sha256:25743a08b674596f3b993392259a4953a445b4211796d168c992174c983b76f0", size = 36639563, upload-time = "2025-07-03T16:21:39.395Z" },
    { url = "https://files.pythonhosted.org/packages/f8/d6/92aafdd8ef420100aca3503b7772ca2484d3688b83b09ca6f96bfb47b7c1/av-15.0.0-cp310-cp310-musllinux_1_2_x86_64.whl", hash = "sha256:2ecd5df62b9697a9304a084fbfed13fa890ec9ba2f647aaed35dca291991c7b1", size = 40482430, upload-time = "2025-07-03T16:21:42.671Z" },
    { url = "https://files.pythonhosted.org/packages/41/1a/22d7b2a151d4aeff6a1fb530e25c8d677dd59580418cab4a95c4628d5009/av-15.0.0-cp310-cp310-win_amd64.whl", hash = "sha256:7156d1b326e328aaba7f10a0d89bec53d087aba16f4c5c7ae13890b9eefde972", size = 31363168, upload-time = "2025-07-03T16:21:45.809Z" },
]

[[package]]
name = "colorama"
version = "0.4.6"
source = { registry = "https://download.pytorch.org/whl/nightly/cu129" }
wheels = [
    { url = "https://download.pytorch.org/whl/nightly/colorama-0.4.6-py2.py3-none-any.whl" },
]

[[package]]
name = "contourpy"
version = "1.2.1"
source = { registry = "https://download.pytorch.org/whl/nightly/cu129" }
dependencies = [
    { name = "numpy" },
]
wheels = [
    { url = "https://download.pytorch.org/whl/nightly/contourpy-1.2.1-cp310-cp310-macosx_10_9_x86_64.whl" },
    { url = "https://download.pytorch.org/whl/nightly/contourpy-1.2.1-cp310-cp310-macosx_11_0_arm64.whl" },
    { url = "https://download.pytorch.org/whl/nightly/contourpy-1.2.1-cp310-cp310-manylinux_2_17_aarch64.manylinux2014_aarch64.whl" },
    { url = "https://download.pytorch.org/whl/nightly/contourpy-1.2.1-cp310-cp310-manylinux_2_17_ppc64le.manylinux2014_ppc64le.whl" },
    { url = "https://download.pytorch.org/whl/nightly/contourpy-1.2.1-cp310-cp310-manylinux_2_17_s390x.manylinux2014_s390x.whl" },
    { url = "https://download.pytorch.org/whl/nightly/contourpy-1.2.1-cp310-cp310-manylinux_2_17_x86_64.manylinux2014_x86_64.whl" },
    { url = "https://download.pytorch.org/whl/nightly/contourpy-1.2.1-cp310-cp310-win_amd64.whl" },
]

[[package]]
name = "cycler"
version = "0.12.1"
source = { registry = "https://download.pytorch.org/whl/nightly/cu129" }
wheels = [
    { url = "https://download.pytorch.org/whl/nightly/cycler-0.12.1-py3-none-any.whl" },
]

[[package]]
name = "evdev"
version = "1.9.2"
source = { registry = "https://pypi.org/simple" }
sdist = { url = "https://files.pythonhosted.org/packages/63/fe/a17c106a1f4061ce83f04d14bcedcfb2c38c7793ea56bfb906a6fadae8cb/evdev-1.9.2.tar.gz", hash = "sha256:5d3278892ce1f92a74d6bf888cc8525d9f68af85dbe336c95d1c87fb8f423069", size = 33301, upload-time = "2025-05-01T19:53:47.69Z" }

[[package]]
name = "fonttools"
version = "4.53.0"
source = { registry = "https://download.pytorch.org/whl/nightly/cu129" }
wheels = [
    { url = "https://download.pytorch.org/whl/nightly/fonttools-4.53.0-cp310-cp310-macosx_10_9_universal2.whl" },
    { url = "https://download.pytorch.org/whl/nightly/fonttools-4.53.0-cp310-cp310-macosx_11_0_arm64.whl" },
    { url = "https://download.pytorch.org/whl/nightly/fonttools-4.53.0-cp310-cp310-manylinux_2_17_aarch64.manylinux2014_aarch64.whl" },
    { url = "https://download.pytorch.org/whl/nightly/fonttools-4.53.0-cp310-cp310-manylinux_2_17_x86_64.manylinux2014_x86_64.whl" },
    { url = "https://download.pytorch.org/whl/nightly/fonttools-4.53.0-cp310-cp310-win_amd64.whl" },
    { url = "https://download.pytorch.org/whl/nightly/fonttools-4.53.0-py3-none-any.whl" },
]

[[package]]
name = "kiwisolver"
version = "1.4.5"
source = { registry = "https://download.pytorch.org/whl/nightly/cu129" }
wheels = [
    { url = "https://download.pytorch.org/whl/nightly/kiwisolver-1.4.5-cp310-cp310-macosx_10_9_universal2.whl" },
    { url = "https://download.pytorch.org/whl/nightly/kiwisolver-1.4.5-cp310-cp310-macosx_10_9_x86_64.whl" },
    { url = "https://download.pytorch.org/whl/nightly/kiwisolver-1.4.5-cp310-cp310-macosx_11_0_arm64.whl" },
    { url = "https://download.pytorch.org/whl/nightly/kiwisolver-1.4.5-cp310-cp310-manylinux_2_12_i686.manylinux2010_i686.whl" },
    { url = "https://download.pytorch.org/whl/nightly/kiwisolver-1.4.5-cp310-cp310-manylinux_2_12_x86_64.manylinux2010_x86_64.whl" },
    { url = "https://download.pytorch.org/whl/nightly/kiwisolver-1.4.5-cp310-cp310-manylinux_2_17_aarch64.manylinux2014_aarch64.whl" },
    { url = "https://download.pytorch.org/whl/nightly/kiwisolver-1.4.5-cp310-cp310-manylinux_2_17_ppc64le.manylinux2014_ppc64le.whl" },
    { url = "https://download.pytorch.org/whl/nightly/kiwisolver-1.4.5-cp310-cp310-manylinux_2_17_s390x.manylinux2014_s390x.whl" },
    { url = "https://download.pytorch.org/whl/nightly/kiwisolver-1.4.5-cp310-cp310-win_amd64.whl" },
]

[[package]]
name = "matplotlib"
version = "3.9.0"
source = { registry = "https://download.pytorch.org/whl/nightly/cu129" }
dependencies = [
    { name = "contourpy" },
    { name = "cycler" },
    { name = "fonttools" },
    { name = "kiwisolver" },
    { name = "numpy" },
    { name = "packaging" },
    { name = "pillow" },
    { name = "pyparsing" },
    { name = "python-dateutil" },
]
wheels = [
    { url = "https://download.pytorch.org/whl/nightly/matplotlib-3.9.0-cp310-cp310-macosx_10_12_x86_64.whl" },
    { url = "https://download.pytorch.org/whl/nightly/matplotlib-3.9.0-cp310-cp310-macosx_11_0_arm64.whl" },
    { url = "https://download.pytorch.org/whl/nightly/matplotlib-3.9.0-cp310-cp310-manylinux_2_17_aarch64.manylinux2014_aarch64.whl" },
    { url = "https://download.pytorch.org/whl/nightly/matplotlib-3.9.0-cp310-cp310-manylinux_2_17_x86_64.manylinux2014_x86_64.whl" },
    { url = "https://download.pytorch.org/whl/nightly/matplotlib-3.9.0-cp310-cp310-win_amd64.whl" },
]

[[package]]
name = "numpy"
version = "1.26.4"
source = { registry = "https://download.pytorch.org/whl/nightly/cu129" }
wheels = [
    { url = "https://download.pytorch.org/whl/nightly/numpy-1.26.4-cp310-cp310-macosx_10_9_x86_64.whl" },
    { url = "https://download.pytorch.org/whl/nightly/numpy-1.26.4-cp310-cp310-macosx_11_0_arm64.whl" },
    { url = "https://download.pytorch.org/whl/nightly/numpy-1.26.4-cp310-cp310-manylinux_2_17_aarch64.manylinux2014_aarch64.whl" },
    { url = "https://download.pytorch.org/whl/nightly/numpy-1.26.4-cp310-cp310-manylinux_2_17_x86_64.manylinux2014_x86_64.whl" },
    { url = "https://download.pytorch.org/whl/nightly/numpy-1.26.4-cp310-cp310-win_amd64.whl" },
]

[[package]]
name = "opencv-python"
version = "4.11.0.86"
source = { registry = "https://pypi.org/simple" }
dependencies = [
    { name = "numpy" },
]
sdist = { url = "https://files.pythonhosted.org/packages/17/06/68c27a523103dad5837dc5b87e71285280c4f098c60e4fe8a8db6486ab09/opencv-python-4.11.0.86.tar.gz", hash = "sha256:03d60ccae62304860d232272e4a4fda93c39d595780cb40b161b310244b736a4", size = 95171956, upload-time = "2025-01-16T13:52:24.737Z" }
wheels = [
    { url = "https://files.pythonhosted.org/packages/05/4d/53b30a2a3ac1f75f65a59eb29cf2ee7207ce64867db47036ad61743d5a23/opencv_python-4.11.0.86-cp37-abi3-macosx_13_0_arm64.whl", hash = "sha256:432f67c223f1dc2824f5e73cdfcd9db0efc8710647d4e813012195dc9122a52a", size = 37326322, upload-time = "2025-01-16T13:52:25.887Z" },
    { url = "https://files.pythonhosted.org/packages/3b/84/0a67490741867eacdfa37bc18df96e08a9d579583b419010d7f3da8ff503/opencv_python-4.11.0.86-cp37-abi3-macosx_13_0_x86_64.whl", hash = "sha256:9d05ef13d23fe97f575153558653e2d6e87103995d54e6a35db3f282fe1f9c66", size = 56723197, upload-time = "2025-01-16T13:55:21.222Z" },
    { url = "https://files.pythonhosted.org/packages/f3/bd/29c126788da65c1fb2b5fb621b7fed0ed5f9122aa22a0868c5e2c15c6d23/opencv_python-4.11.0.86-cp37-abi3-manylinux_2_17_aarch64.manylinux2014_aarch64.whl", hash = "sha256:1b92ae2c8852208817e6776ba1ea0d6b1e0a1b5431e971a2a0ddd2a8cc398202", size = 42230439, upload-time = "2025-01-16T13:51:35.822Z" },
    { url = "https://files.pythonhosted.org/packages/2c/8b/90eb44a40476fa0e71e05a0283947cfd74a5d36121a11d926ad6f3193cc4/opencv_python-4.11.0.86-cp37-abi3-manylinux_2_17_x86_64.manylinux2014_x86_64.whl", hash = "sha256:6b02611523803495003bd87362db3e1d2a0454a6a63025dc6658a9830570aa0d", size = 62986597, upload-time = "2025-01-16T13:52:08.836Z" },
    { url = "https://files.pythonhosted.org/packages/fb/d7/1d5941a9dde095468b288d989ff6539dd69cd429dbf1b9e839013d21b6f0/opencv_python-4.11.0.86-cp37-abi3-win32.whl", hash = "sha256:810549cb2a4aedaa84ad9a1c92fbfdfc14090e2749cedf2c1589ad8359aa169b", size = 29384337, upload-time = "2025-01-16T13:52:13.549Z" },
    { url = "https://files.pythonhosted.org/packages/a4/7d/f1c30a92854540bf789e9cd5dde7ef49bbe63f855b85a2e6b3db8135c591/opencv_python-4.11.0.86-cp37-abi3-win_amd64.whl", hash = "sha256:085ad9b77c18853ea66283e98affefe2de8cc4c1f43eda4c100cf9b2721142ec", size = 39488044, upload-time = "2025-01-16T13:52:21.928Z" },
]

[[package]]
name = "packaging"
version = "24.1"
source = { registry = "https://download.pytorch.org/whl/nightly/cu129" }
wheels = [
    { url = "https://download.pytorch.org/whl/nightly/packaging-24.1-py3-none-any.whl" },
]

[[package]]
name = "pillow"
version = "11.3.0"
source = { registry = "https://download.pytorch.org/whl/nightly/cu129" }
wheels = [
    { url = "https://download.pytorch.org/whl/nightly/pillow-11.3.0-cp310-cp310-macosx_10_10_x86_64.whl" },
    { url = "https://download.pytorch.org/whl/nightly/pillow-11.3.0-cp310-cp310-macosx_11_0_arm64.whl" },
    { url = "https://download.pytorch.org/whl/nightly/pillow-11.3.0-cp310-cp310-manylinux_2_27_aarch64.manylinux_2_28_aarch64.whl" },
    { url = "https://download.pytorch.org/whl/nightly/pillow-11.3.0-cp310-cp310-manylinux_2_27_x86_64.manylinux_2_28_x86_64.whl" },
    { url = "https://download.pytorch.org/whl/nightly/pillow-11.3.0-cp310-cp310-win_amd64.whl" },
    { url = "https://download.pytorch.org/whl/nightly/pillow-11.3.0-cp310-cp310-win_arm64.whl" },
]

[[package]]
name = "pybind11"
version = "2.11.0"
source = { registry = "https://pypi.org/simple" }
sdist = { url = "https://files.pythonhosted.org/packages/b6/f8/d271f64711214c8733076b50896e5861ec5ec96e08f4271b04888ef43d1d/pybind11-2.11.0.tar.gz", hash = "sha256:03006fb261379ed19cb0171a9cc6238d64da8a31b3f5e754cb276d4615449217", size = 205752, upload-time = "2023-07-14T17:00:55.354Z" }
wheels = [
    { url = "https://files.pythonhosted.org/packages/6d/88/37445fde2baddf06e13753b722c4d82b60a9844784567a80a04e9b6c6c74/pybind11-2.11.0-py3-none-any.whl", hash = "sha256:307443ea89b73ce88f68fa48687d160c036622a54bc2a25aae9d5ea792bef268", size = 227666, upload-time = "2023-07-14T17:00:53.474Z" },
]

[[package]]
name = "pybind11-global"
version = "2.11.0"
source = { registry = "https://pypi.org/simple" }
sdist = { url = "https://files.pythonhosted.org/packages/fd/ac/b673990e896b6cc695442076faf8b3caf3d3bf62d5157c9c34168a52e62a/pybind11_global-2.11.0.tar.gz", hash = "sha256:ee168d53770fb0a7d33fe963af4da9b4d303ca28fb843fd7f507f8250d2de8bf", size = 206020, upload-time = "2023-07-14T17:01:01.352Z" }
wheels = [
    { url = "https://files.pythonhosted.org/packages/8d/83/4f67f86cc20206a023cf0b9e24b84b209cf0fc35c6569721adfa563c7d7a/pybind11_global-2.11.0-py3-none-any.whl", hash = "sha256:951421b2158411624c1c3c31198bbfcc1fdec484decd8c60630fb59f2367ef1f", size = 412039, upload-time = "2023-07-14T17:00:59.6Z" },
]

[[package]]
name = "pygame"
version = "2.6.1"
source = { registry = "https://pypi.org/simple" }
sdist = { url = "https://files.pythonhosted.org/packages/49/cc/08bba60f00541f62aaa252ce0cfbd60aebd04616c0b9574f755b583e45ae/pygame-2.6.1.tar.gz", hash = "sha256:56fb02ead529cee00d415c3e007f75e0780c655909aaa8e8bf616ee09c9feb1f", size = 14808125, upload-time = "2024-09-29T13:41:34.698Z" }
wheels = [
    { url = "https://files.pythonhosted.org/packages/54/0b/334c7c50a2979e15f2a027a41d1ca78ee730d5b1c7f7f4b26d7cb899839d/pygame-2.6.1-cp310-cp310-macosx_10_9_x86_64.whl", hash = "sha256:9beeb647e555afb5657111fa83acb74b99ad88761108eaea66472e8b8547b55b", size = 13109297, upload-time = "2024-09-29T14:25:34.709Z" },
    { url = "https://files.pythonhosted.org/packages/dc/48/f8b1069788d1bd42e63a960d74d3355242480b750173a42b2749687578ca/pygame-2.6.1-cp310-cp310-macosx_11_0_arm64.whl", hash = "sha256:10e3d2a55f001f6c0a6eb44aa79ea7607091c9352b946692acedb2ac1482f1c9", size = 12375837, upload-time = "2024-09-29T14:25:50.538Z" },
    { url = "https://files.pythonhosted.org/packages/bc/33/a1310386b8913ce1bdb90c33fa536970e299ad57eb35785f1d71ea1e2ad3/pygame-2.6.1-cp310-cp310-manylinux_2_17_aarch64.manylinux2014_aarch64.whl", hash = "sha256:816e85000c5d8b02a42b9834f761a5925ef3377d2924e3a7c4c143d2990ce5b8", size = 13607860, upload-time = "2024-09-29T11:10:44.173Z" },
    { url = "https://files.pythonhosted.org/packages/88/0f/4e37b115056e43714e7550054dd3cd7f4d552da54d7fc58a2fb1407acda5/pygame-2.6.1-cp310-cp310-manylinux_2_17_i686.manylinux2014_i686.whl", hash = "sha256:8a78fd030d98faab4a8e27878536fdff7518d3e062a72761c552f624ebba5a5f", size = 14304696, upload-time = "2024-09-29T11:39:46.724Z" },
    { url = "https://files.pythonhosted.org/packages/11/b3/de6ed93ae483cf3bac8f950a955e83f7ffe59651fd804d100fff65d66d6c/pygame-2.6.1-cp310-cp310-manylinux_2_17_x86_64.manylinux2014_x86_64.whl", hash = "sha256:da3ad64d685f84a34ebe5daacb39fff14f1251acb34c098d760d63fee768f50c", size = 13977684, upload-time = "2024-09-29T11:39:49.921Z" },
    { url = "https://files.pythonhosted.org/packages/d3/05/d86440aa879708c41844bafc6b3eb42c6d8cf54082482499b53139133e2a/pygame-2.6.1-cp310-cp310-win32.whl", hash = "sha256:9dd5c054d4bd875a8caf978b82672f02bec332f52a833a76899220c460bb4b58", size = 10251775, upload-time = "2024-09-29T11:40:34.952Z" },
    { url = "https://files.pythonhosted.org/packages/38/88/8de61324775cf2c844a51d8db14a8a6d2a9092312f27678f6eaa3a460376/pygame-2.6.1-cp310-cp310-win_amd64.whl", hash = "sha256:00827aba089355925902d533f9c41e79a799641f03746c50a374dc5c3362e43d", size = 10618801, upload-time = "2024-09-29T12:13:25.284Z" },
]

[[package]]
name = "pynput"
version = "1.8.1"
source = { registry = "https://pypi.org/simple" }
dependencies = [
    { name = "evdev", marker = "'linux' in sys_platform" },
    { name = "pyobjc-framework-applicationservices", marker = "sys_platform == 'darwin'" },
    { name = "pyobjc-framework-quartz", marker = "sys_platform == 'darwin'" },
    { name = "python-xlib", marker = "'linux' in sys_platform" },
    { name = "six" },
]
sdist = { url = "https://files.pythonhosted.org/packages/f0/c3/dccf44c68225046df5324db0cc7d563a560635355b3e5f1d249468268a6f/pynput-1.8.1.tar.gz", hash = "sha256:70d7c8373ee98911004a7c938742242840a5628c004573d84ba849d4601df81e", size = 82289, upload-time = "2025-03-17T17:12:01.481Z" }
wheels = [
    { url = "https://files.pythonhosted.org/packages/59/4f/ac3fa906ae8a375a536b12794128c5efacade9eaa917a35dfd27ce0c7400/pynput-1.8.1-py2.py3-none-any.whl", hash = "sha256:42dfcf27404459ca16ca889c8fb8ffe42a9fe54f722fd1a3e130728e59e768d2", size = 91693, upload-time = "2025-03-17T17:12:00.094Z" },
]

[[package]]
name = "pyobjc-core"
version = "11.1"
source = { registry = "https://pypi.org/simple" }
sdist = { url = "https://files.pythonhosted.org/packages/e8/e9/0b85c81e2b441267bca707b5d89f56c2f02578ef8f3eafddf0e0c0b8848c/pyobjc_core-11.1.tar.gz", hash = "sha256:b63d4d90c5df7e762f34739b39cc55bc63dbcf9fb2fb3f2671e528488c7a87fe", size = 974602, upload-time = "2025-06-14T20:56:34.189Z" }
wheels = [
    { url = "https://files.pythonhosted.org/packages/a5/c5/9fa74ef6b83924e657c5098d37b36b66d1e16d13bc45c44248c6248e7117/pyobjc_core-11.1-cp310-cp310-macosx_10_9_universal2.whl", hash = "sha256:4c7536f3e94de0a3eae6bb382d75f1219280aa867cdf37beef39d9e7d580173c", size = 676323, upload-time = "2025-06-14T20:44:44.675Z" },
]

[[package]]
name = "pyobjc-framework-applicationservices"
version = "11.1"
source = { registry = "https://pypi.org/simple" }
dependencies = [
    { name = "pyobjc-core", marker = "sys_platform == 'darwin'" },
    { name = "pyobjc-framework-cocoa", marker = "sys_platform == 'darwin'" },
    { name = "pyobjc-framework-coretext", marker = "sys_platform == 'darwin'" },
    { name = "pyobjc-framework-quartz", marker = "sys_platform == 'darwin'" },
]
sdist = { url = "https://files.pythonhosted.org/packages/be/3f/b33ce0cecc3a42f6c289dcbf9ff698b0d9e85f5796db2e9cb5dadccffbb9/pyobjc_framework_applicationservices-11.1.tar.gz", hash = "sha256:03fcd8c0c600db98fa8b85eb7b3bc31491701720c795e3f762b54e865138bbaf", size = 224842, upload-time = "2025-06-14T20:56:40.648Z" }
wheels = [
    { url = "https://files.pythonhosted.org/packages/d9/2b/b46566639b13354d348092f932b4debda2e8604c9b1b416eb3619676e997/pyobjc_framework_applicationservices-11.1-cp310-cp310-macosx_10_9_universal2.whl", hash = "sha256:89aa713f16f1de66efd82f3be77c632ad1068e51e0ef0c2b0237ac7c7f580814", size = 30991, upload-time = "2025-06-14T20:45:17.223Z" },
]

[[package]]
name = "pyobjc-framework-cocoa"
version = "11.1"
source = { registry = "https://pypi.org/simple" }
dependencies = [
    { name = "pyobjc-core", marker = "sys_platform == 'darwin'" },
]
sdist = { url = "https://files.pythonhosted.org/packages/4b/c5/7a866d24bc026f79239b74d05e2cf3088b03263da66d53d1b4cf5207f5ae/pyobjc_framework_cocoa-11.1.tar.gz", hash = "sha256:87df76b9b73e7ca699a828ff112564b59251bb9bbe72e610e670a4dc9940d038", size = 5565335, upload-time = "2025-06-14T20:56:59.683Z" }
wheels = [
    { url = "https://files.pythonhosted.org/packages/87/8f/67a7e166b615feb96385d886c6732dfb90afed565b8b1f34673683d73cd9/pyobjc_framework_cocoa-11.1-cp310-cp310-macosx_10_9_universal2.whl", hash = "sha256:b27a5bdb3ab6cdeb998443ff3fce194ffae5f518c6a079b832dbafc4426937f9", size = 388187, upload-time = "2025-06-14T20:46:49.74Z" },
]

[[package]]
name = "pyobjc-framework-coretext"
version = "11.1"
source = { registry = "https://pypi.org/simple" }
dependencies = [
    { name = "pyobjc-core", marker = "sys_platform == 'darwin'" },
    { name = "pyobjc-framework-cocoa", marker = "sys_platform == 'darwin'" },
    { name = "pyobjc-framework-quartz", marker = "sys_platform == 'darwin'" },
]
sdist = { url = "https://files.pythonhosted.org/packages/65/e9/d3231c4f87d07b8525401fd6ad3c56607c9e512c5490f0a7a6abb13acab6/pyobjc_framework_coretext-11.1.tar.gz", hash = "sha256:a29bbd5d85c77f46a8ee81d381b847244c88a3a5a96ac22f509027ceceaffaf6", size = 274702, upload-time = "2025-06-14T20:57:16.059Z" }
wheels = [
    { url = "https://files.pythonhosted.org/packages/59/0c/0117d5353b1d18f8f8dd1e0f48374e4819cfcf3e8c34c676353e87320e8f/pyobjc_framework_coretext-11.1-cp310-cp310-macosx_10_9_universal2.whl", hash = "sha256:515be6beb48c084ee413c00c4e9fbd6e730c1b8a24270f4c618fc6c7ba0011ce", size = 30072, upload-time = "2025-06-14T20:48:33.341Z" },
]

[[package]]
name = "pyobjc-framework-quartz"
version = "11.1"
source = { registry = "https://pypi.org/simple" }
dependencies = [
    { name = "pyobjc-core", marker = "sys_platform == 'darwin'" },
    { name = "pyobjc-framework-cocoa", marker = "sys_platform == 'darwin'" },
]
sdist = { url = "https://files.pythonhosted.org/packages/c7/ac/6308fec6c9ffeda9942fef72724f4094c6df4933560f512e63eac37ebd30/pyobjc_framework_quartz-11.1.tar.gz", hash = "sha256:a57f35ccfc22ad48c87c5932818e583777ff7276605fef6afad0ac0741169f75", size = 3953275, upload-time = "2025-06-14T20:58:17.924Z" }
wheels = [
    { url = "https://files.pythonhosted.org/packages/b9/62/f8d9bb4cba92d5f220327cf1def2c2c5be324880d54ee57e7bea43aa28b2/pyobjc_framework_quartz-11.1-cp310-cp310-macosx_10_9_universal2.whl", hash = "sha256:b5ef75c416b0209e25b2eb07a27bd7eedf14a8c6b2f968711969d45ceceb0f84", size = 215586, upload-time = "2025-06-14T20:53:34.018Z" },
]

[[package]]
name = "pyorbbecsdk"
version = "2.0.13"
source = { path = "whl/pyorbbecsdk-2.0.13-cp310-cp310-linux_aarch64.whl" }
wheels = [
    { filename = "pyorbbecsdk-2.0.13-cp310-cp310-linux_aarch64.whl", hash = "sha256:ec06277d396ff8dceb61c2388b102a7cae2f240ddb127acdbecb8eeaef429d79" },
]

[[package]]
name = "pyparsing"
version = "3.1.2"
source = { registry = "https://download.pytorch.org/whl/nightly/cu129" }
wheels = [
    { url = "https://download.pytorch.org/whl/nightly/pyparsing-3.1.2-py3-none-any.whl" },
]

[[package]]
name = "python-dateutil"
version = "2.9.0"
source = { registry = "https://download.pytorch.org/whl/nightly/cu129" }
dependencies = [
    { name = "six" },
]
wheels = [
    { url = "https://download.pytorch.org/whl/nightly/python_dateutil-2.9.0-py2.py3-none-any.whl" },
]

[[package]]
name = "python-xlib"
version = "0.33"
source = { registry = "https://pypi.org/simple" }
dependencies = [
    { name = "six" },
]
sdist = { url = "https://files.pythonhosted.org/packages/86/f5/8c0653e5bb54e0cbdfe27bf32d41f27bc4e12faa8742778c17f2a71be2c0/python-xlib-0.33.tar.gz", hash = "sha256:55af7906a2c75ce6cb280a584776080602444f75815a7aff4d287bb2d7018b32", size = 269068, upload-time = "2022-12-25T18:53:00.824Z" }
wheels = [
    { url = "https://files.pythonhosted.org/packages/fc/b8/ff33610932e0ee81ae7f1269c890f697d56ff74b9f5b2ee5d9b7fa2c5355/python_xlib-0.33-py2.py3-none-any.whl", hash = "sha256:c3534038d42e0df2f1392a1b30a15a4ff5fdc2b86cfa94f072bf11b10a164398", size = 182185, upload-time = "2022-12-25T18:52:58.662Z" },
]

[[package]]
name = "realmanarmcontrol"
version = "0.1.0"
source = { editable = "." }
dependencies = [
    { name = "av" },
    { name = "matplotlib" },
    { name = "numpy" },
    { name = "opencv-python" },
    { name = "pybind11" },
    { name = "pybind11-global" },
    { name = "pygame" },
    { name = "pynput" },
    { name = "pyorbbecsdk" },
    { name = "robotic-arm" },
    { name = "scipy" },
    { name = "setuptools" },
    { name = "termcolor" },
    { name = "tqdm" },
    { name = "wheel" },
]

[package.metadata]
requires-dist = [
    { name = "av" },
    { name = "matplotlib", specifier = ">=3.9.0" },
    { name = "numpy", specifier = "<2.0" },
    { name = "opencv-python" },
    { name = "pybind11", specifier = "==2.11.0" },
    { name = "pybind11-global", specifier = "==2.11.0" },
    { name = "pygame", specifier = ">=2.6.1" },
    { name = "pynput", specifier = ">=1.8.1" },
    { name = "pyorbbecsdk", path = "whl/pyorbbecsdk-2.0.13-cp310-cp310-linux_aarch64.whl" },
    { name = "robotic-arm", specifier = ">=1.1.1" },
    { name = "scipy", specifier = ">=1.15.3" },
    { name = "setuptools", specifier = ">=78.1.0" },
    { name = "termcolor", specifier = ">=3.1.0" },
    { name = "tqdm", specifier = ">=4.66.5" },
    { name = "wheel", specifier = ">=0.45.1" },
]

[[package]]
name = "robotic-arm"
version = "1.1.1"
source = { registry = "https://pypi.org/simple" }
sdist = { url = "https://files.pythonhosted.org/packages/9f/d7/b0665fbc34b67aedf86e52542fea8fdedc6f3361c1cc97eb3cceea12b9a1/Robotic_Arm-1.1.1.tar.gz", hash = "sha256:a81df28e18f541f23830bf27ae98825081d25fbec8d08e55515f31a91692f855", size = 2555333, upload-time = "2025-06-19T09:08:15.627Z" }
wheels = [
    { url = "https://files.pythonhosted.org/packages/9e/84/5824d0617a9ce3efea29546e6ce342ee3c305223c1cb8b8024ae0b37d1c6/Robotic_Arm-1.1.1-py3-none-any.whl", hash = "sha256:10511478d7aefabec3f6a381e0429ed4cef721f4974f776b3c69b8fbcdfa95a7", size = 2569518, upload-time = "2025-06-19T09:08:11.783Z" },
]

[[package]]
name = "scipy"
version = "1.15.3"
source = { registry = "https://pypi.org/simple" }
dependencies = [
    { name = "numpy" },
]
sdist = { url = "https://files.pythonhosted.org/packages/0f/37/6964b830433e654ec7485e45a00fc9a27cf868d622838f6b6d9c5ec0d532/scipy-1.15.3.tar.gz", hash = "sha256:eae3cf522bc7df64b42cad3925c876e1b0b6c35c1337c93e12c0f366f55b0eaf", size = 59419214, upload-time = "2025-05-08T16:13:05.955Z" }
wheels = [
    { url = "https://files.pythonhosted.org/packages/78/2f/4966032c5f8cc7e6a60f1b2e0ad686293b9474b65246b0c642e3ef3badd0/scipy-1.15.3-cp310-cp310-macosx_10_13_x86_64.whl", hash = "sha256:a345928c86d535060c9c2b25e71e87c39ab2f22fc96e9636bd74d1dbf9de448c", size = 38702770, upload-time = "2025-05-08T16:04:20.849Z" },
    { url = "https://files.pythonhosted.org/packages/a0/6e/0c3bf90fae0e910c274db43304ebe25a6b391327f3f10b5dcc638c090795/scipy-1.15.3-cp310-cp310-macosx_12_0_arm64.whl", hash = "sha256:ad3432cb0f9ed87477a8d97f03b763fd1d57709f1bbde3c9369b1dff5503b253", size = 30094511, upload-time = "2025-05-08T16:04:27.103Z" },
    { url = "https://files.pythonhosted.org/packages/ea/b1/4deb37252311c1acff7f101f6453f0440794f51b6eacb1aad4459a134081/scipy-1.15.3-cp310-cp310-macosx_14_0_arm64.whl", hash = "sha256:aef683a9ae6eb00728a542b796f52a5477b78252edede72b8327a886ab63293f", size = 22368151, upload-time = "2025-05-08T16:04:31.731Z" },
    { url = "https://files.pythonhosted.org/packages/38/7d/f457626e3cd3c29b3a49ca115a304cebb8cc6f31b04678f03b216899d3c6/scipy-1.15.3-cp310-cp310-macosx_14_0_x86_64.whl", hash = "sha256:1c832e1bd78dea67d5c16f786681b28dd695a8cb1fb90af2e27580d3d0967e92", size = 25121732, upload-time = "2025-05-08T16:04:36.596Z" },
    { url = "https://files.pythonhosted.org/packages/db/0a/92b1de4a7adc7a15dcf5bddc6e191f6f29ee663b30511ce20467ef9b82e4/scipy-1.15.3-cp310-cp310-manylinux_2_17_aarch64.manylinux2014_aarch64.whl", hash = "sha256:263961f658ce2165bbd7b99fa5135195c3a12d9bef045345016b8b50c315cb82", size = 35547617, upload-time = "2025-05-08T16:04:43.546Z" },
    { url = "https://files.pythonhosted.org/packages/8e/6d/41991e503e51fc1134502694c5fa7a1671501a17ffa12716a4a9151af3df/scipy-1.15.3-cp310-cp310-manylinux_2_17_x86_64.manylinux2014_x86_64.whl", hash = "sha256:9e2abc762b0811e09a0d3258abee2d98e0c703eee49464ce0069590846f31d40", size = 37662964, upload-time = "2025-05-08T16:04:49.431Z" },
    { url = "https://files.pythonhosted.org/packages/25/e1/3df8f83cb15f3500478c889be8fb18700813b95e9e087328230b98d547ff/scipy-1.15.3-cp310-cp310-musllinux_1_2_aarch64.whl", hash = "sha256:ed7284b21a7a0c8f1b6e5977ac05396c0d008b89e05498c8b7e8f4a1423bba0e", size = 37238749, upload-time = "2025-05-08T16:04:55.215Z" },
    { url = "https://files.pythonhosted.org/packages/93/3e/b3257cf446f2a3533ed7809757039016b74cd6f38271de91682aa844cfc5/scipy-1.15.3-cp310-cp310-musllinux_1_2_x86_64.whl", hash = "sha256:5380741e53df2c566f4d234b100a484b420af85deb39ea35a1cc1be84ff53a5c", size = 40022383, upload-time = "2025-05-08T16:05:01.914Z" },
    { url = "https://files.pythonhosted.org/packages/d1/84/55bc4881973d3f79b479a5a2e2df61c8c9a04fcb986a213ac9c02cfb659b/scipy-1.15.3-cp310-cp310-win_amd64.whl", hash = "sha256:9d61e97b186a57350f6d6fd72640f9e99d5a4a2b8fbf4b9ee9a841eab327dc13", size = 41259201, upload-time = "2025-05-08T16:05:08.166Z" },
]

[[package]]
name = "setuptools"
version = "78.1.0"
source = { registry = "https://download.pytorch.org/whl/nightly/cu129" }
sdist = { url = "https://download.pytorch.org/whl/nightly/setuptools-78.1.0.tar.gz" }
wheels = [
    { url = "https://download.pytorch.org/whl/nightly/setuptools-78.1.0-py3-none-any.whl" },
]

[[package]]
name = "six"
version = "1.16.0"
source = { registry = "https://download.pytorch.org/whl/nightly/cu129" }
wheels = [
    { url = "https://download.pytorch.org/whl/nightly/six-1.16.0-py2.py3-none-any.whl" },
]

[[package]]
name = "termcolor"
version = "3.1.0"
source = { registry = "https://pypi.org/simple" }
sdist = { url = "https://files.pythonhosted.org/packages/ca/6c/3d75c196ac07ac8749600b60b03f4f6094d54e132c4d94ebac6ee0e0add0/termcolor-3.1.0.tar.gz", hash = "sha256:6a6dd7fbee581909eeec6a756cff1d7f7c376063b14e4a298dc4980309e55970", size = 14324, upload-time = "2025-04-30T11:37:53.791Z" }
wheels = [
    { url = "https://files.pythonhosted.org/packages/4f/bd/de8d508070629b6d84a30d01d57e4a65c69aa7f5abe7560b8fad3b50ea59/termcolor-3.1.0-py3-none-any.whl", hash = "sha256:591dd26b5c2ce03b9e43f391264626557873ce1d379019786f99b0c2bee140aa", size = 7684, upload-time = "2025-04-30T11:37:52.382Z" },
]

[[package]]
name = "tqdm"
version = "4.66.5"
source = { registry = "https://download.pytorch.org/whl/nightly/cu129" }
dependencies = [
    { name = "colorama", marker = "sys_platform == 'win32'" },
]
wheels = [
    { url = "https://download.pytorch.org/whl/nightly/tqdm-4.66.5-py3-none-any.whl" },
]

[[package]]
name = "wheel"
version = "0.45.1"
source = { registry = "https://pypi.org/simple" }
sdist = { url = "https://files.pythonhosted.org/packages/8a/98/2d9906746cdc6a6ef809ae6338005b3f21bb568bea3165cfc6a243fdc25c/wheel-0.45.1.tar.gz", hash = "sha256:661e1abd9198507b1409a20c02106d9670b2576e916d58f520316666abca6729", size = 107545, upload-time = "2024-11-23T00:18:23.513Z" }
wheels = [
    { url = "https://files.pythonhosted.org/packages/0b/2c/87f3254fd8ffd29e4c02732eee68a83a1d3c346ae39bc6822dcbcb697f2b/wheel-0.45.1-py3-none-any.whl", hash = "sha256:708e7481cc80179af0e556bbf0cc00b8444c7321e2700b8d8580231d13017248", size = 72494, upload-time = "2024-11-23T00:18:21.207Z" },
]
